// !$*UTF8*$!
{
	archiveVersion = 1;
	classes = {
	};
	objectVersion = 55;
	objects = {

/* Begin PBXBuildFile section */
		0C875BCC27CE316100362979 /* AppDelegate.swift in Sources */ = {isa = PBXBuildFile; fileRef = 0C875BCB27CE316100362979 /* AppDelegate.swift */; };
		0C875BCE27CE316100362979 /* SceneDelegate.swift in Sources */ = {isa = PBXBuildFile; fileRef = 0C875BCD27CE316100362979 /* SceneDelegate.swift */; };
		0C875BD027CE316100362979 /* ViewController.swift in Sources */ = {isa = PBXBuildFile; fileRef = 0C875BCF27CE316100362979 /* ViewController.swift */; };
		0C875BD327CE316100362979 /* Main.storyboard in Resources */ = {isa = PBXBuildFile; fileRef = 0C875BD127CE316100362979 /* Main.storyboard */; };
		0C875BD527CE316200362979 /* Assets.xcassets in Resources */ = {isa = PBXBuildFile; fileRef = 0C875BD427CE316200362979 /* Assets.xcassets */; };
		0C875BD827CE316200362979 /* LaunchScreen.storyboard in Resources */ = {isa = PBXBuildFile; fileRef = 0C875BD627CE316200362979 /* LaunchScreen.storyboard */; };
		0C875BE327CE316200362979 /* ODEV5_BURAKOZERTests.swift in Sources */ = {isa = PBXBuildFile; fileRef = 0C875BE227CE316200362979 /* ODEV5_BURAKOZERTests.swift */; };
		0C875BED27CE316200362979 /* ODEV5_BURAKOZERUITests.swift in Sources */ = {isa = PBXBuildFile; fileRef = 0C875BEC27CE316200362979 /* ODEV5_BURAKOZERUITests.swift */; };
		0C875BEF27CE316200362979 /* ODEV5_BURAKOZERUITestsLaunchTests.swift in Sources */ = {isa = PBXBuildFile; fileRef = 0C875BEE27CE316200362979 /* ODEV5_BURAKOZERUITestsLaunchTests.swift */; };
/* End PBXBuildFile section */

/* Begin PBXContainerItemProxy section */
		0C875BDF27CE316200362979 /* PBXContainerItemProxy */ = {
			isa = PBXContainerItemProxy;
			containerPortal = 0C875BC027CE316100362979 /* Project object */;
			proxyType = 1;
			remoteGlobalIDString = 0C875BC727CE316100362979;
			remoteInfo = ODEV5_BURAKOZER;
		};
		0C875BE927CE316200362979 /* PBXContainerItemProxy */ = {
			isa = PBXContainerItemProxy;
			containerPortal = 0C875BC027CE316100362979 /* Project object */;
			proxyType = 1;
			remoteGlobalIDString = 0C875BC727CE316100362979;
			remoteInfo = ODEV5_BURAKOZER;
		};
/* End PBXContainerItemProxy section */

/* Begin PBXFileReference section */
		0C875BC827CE316100362979 /* ODEV5_BURAKOZER.app */ = {isa = PBXFileReference; explicitFileType = wrapper.application; includeInIndex = 0; path = ODEV5_BURAKOZER.app; sourceTree = BUILT_PRODUCTS_DIR; };
		0C875BCB27CE316100362979 /* AppDelegate.swift */ = {isa = PBXFileReference; lastKnownFileType = sourcecode.swift; path = AppDelegate.swift; sourceTree = "<group>"; };
		0C875BCD27CE316100362979 /* SceneDelegate.swift */ = {isa = PBXFileReference; lastKnownFileType = sourcecode.swift; path = SceneDelegate.swift; sourceTree = "<group>"; };
		0C875BCF27CE316100362979 /* ViewController.swift */ = {isa = PBXFileReference; lastKnownFileType = sourcecode.swift; path = ViewController.swift; sourceTree = "<group>"; };
		0C875BD227CE316100362979 /* Base */ = {isa = PBXFileReference; lastKnownFileType = file.storyboard; name = Base; path = Base.lproj/Main.storyboard; sourceTree = "<group>"; };
		0C875BD427CE316200362979 /* Assets.xcassets */ = {isa = PBXFileReference; lastKnownFileType = folder.assetcatalog; path = Assets.xcassets; sourceTree = "<group>"; };
		0C875BD727CE316200362979 /* Base */ = {isa = PBXFileReference; lastKnownFileType = file.storyboard; name = Base; path = Base.lproj/LaunchScreen.storyboard; sourceTree = "<group>"; };
		0C875BD927CE316200362979 /* Info.plist */ = {isa = PBXFileReference; lastKnownFileType = text.plist.xml; path = Info.plist; sourceTree = "<group>"; };
		0C875BDE27CE316200362979 /* ODEV5_BURAKOZERTests.xctest */ = {isa = PBXFileReference; explicitFileType = wrapper.cfbundle; includeInIndex = 0; path = ODEV5_BURAKOZERTests.xctest; sourceTree = BUILT_PRODUCTS_DIR; };
		0C875BE227CE316200362979 /* ODEV5_BURAKOZERTests.swift */ = {isa = PBXFileReference; lastKnownFileType = sourcecode.swift; path = ODEV5_BURAKOZERTests.swift; sourceTree = "<group>"; };
		0C875BE827CE316200362979 /* ODEV5_BURAKOZERUITests.xctest */ = {isa = PBXFileReference; explicitFileType = wrapper.cfbundle; includeInIndex = 0; path = ODEV5_BURAKOZERUITests.xctest; sourceTree = BUILT_PRODUCTS_DIR; };
		0C875BEC27CE316200362979 /* ODEV5_BURAKOZERUITests.swift */ = {isa = PBXFileReference; lastKnownFileType = sourcecode.swift; path = ODEV5_BURAKOZERUITests.swift; sourceTree = "<group>"; };
		0C875BEE27CE316200362979 /* ODEV5_BURAKOZERUITestsLaunchTests.swift */ = {isa = PBXFileReference; lastKnownFileType = sourcecode.swift; path = ODEV5_BURAKOZERUITestsLaunchTests.swift; sourceTree = "<group>"; };
/* End PBXFileReference section */

/* Begin PBXFrameworksBuildPhase section */
		0C875BC527CE316100362979 /* Frameworks */ = {
			isa = PBXFrameworksBuildPhase;
			buildActionMask = 2147483647;
			files = (
			);
			runOnlyForDeploymentPostprocessing = 0;
		};
		0C875BDB27CE316200362979 /* Frameworks */ = {
			isa = PBXFrameworksBuildPhase;
			buildActionMask = 2147483647;
			files = (
			);
			runOnlyForDeploymentPostprocessing = 0;
		};
		0C875BE527CE316200362979 /* Frameworks */ = {
			isa = PBXFrameworksBuildPhase;
			buildActionMask = 2147483647;
			files = (
			);
			runOnlyForDeploymentPostprocessing = 0;
		};
/* End PBXFrameworksBuildPhase section */

/* Begin PBXGroup section */
		0C875BBF27CE316100362979 = {
			isa = PBXGroup;
			children = (
				0C875BCA27CE316100362979 /* ODEV5_BURAKOZER */,
				0C875BE127CE316200362979 /* ODEV5_BURAKOZERTests */,
				0C875BEB27CE316200362979 /* ODEV5_BURAKOZERUITests */,
				0C875BC927CE316100362979 /* Products */,
			);
			sourceTree = "<group>";
		};
		0C875BC927CE316100362979 /* Products */ = {
			isa = PBXGroup;
			children = (
				0C875BC827CE316100362979 /* ODEV5_BURAKOZER.app */,
				0C875BDE27CE316200362979 /* ODEV5_BURAKOZERTests.xctest */,
				0C875BE827CE316200362979 /* ODEV5_BURAKOZERUITests.xctest */,
			);
			name = Products;
			sourceTree = "<group>";
		};
		0C875BCA27CE316100362979 /* ODEV5_BURAKOZER */ = {
			isa = PBXGroup;
			children = (
				0C875BCB27CE316100362979 /* AppDelegate.swift */,
				0C875BCD27CE316100362979 /* SceneDelegate.swift */,
				0C875BCF27CE316100362979 /* ViewController.swift */,
				0C875BD127CE316100362979 /* Main.storyboard */,
				0C875BD427CE316200362979 /* Assets.xcassets */,
				0C875BD627CE316200362979 /* LaunchScreen.storyboard */,
				0C875BD927CE316200362979 /* Info.plist */,
			);
			path = ODEV5_BURAKOZER;
			sourceTree = "<group>";
		};
		0C875BE127CE316200362979 /* ODEV5_BURAKOZERTests */ = {
			isa = PBXGroup;
			children = (
				0C875BE227CE316200362979 /* ODEV5_BURAKOZERTests.swift */,
			);
			path = ODEV5_BURAKOZERTests;
			sourceTree = "<group>";
		};
		0C875BEB27CE316200362979 /* ODEV5_BURAKOZERUITests */ = {
			isa = PBXGroup;
			children = (
				0C875BEC27CE316200362979 /* ODEV5_BURAKOZERUITests.swift */,
				0C875BEE27CE316200362979 /* ODEV5_BURAKOZERUITestsLaunchTests.swift */,
			);
			path = ODEV5_BURAKOZERUITests;
			sourceTree = "<group>";
		};
/* End PBXGroup section */

/* Begin PBXNativeTarget section */
		0C875BC727CE316100362979 /* ODEV5_BURAKOZER */ = {
			isa = PBXNativeTarget;
			buildConfigurationList = 0C875BF227CE316200362979 /* Build configuration list for PBXNativeTarget "ODEV5_BURAKOZER" */;
			buildPhases = (
				0C875BC427CE316100362979 /* Sources */,
				0C875BC527CE316100362979 /* Frameworks */,
				0C875BC627CE316100362979 /* Resources */,
			);
			buildRules = (
			);
			dependencies = (
			);
			name = ODEV5_BURAKOZER;
			productName = ODEV5_BURAKOZER;
			productReference = 0C875BC827CE316100362979 /* ODEV5_BURAKOZER.app */;
			productType = "com.apple.product-type.application";
		};
		0C875BDD27CE316200362979 /* ODEV5_BURAKOZERTests */ = {
			isa = PBXNativeTarget;
			buildConfigurationList = 0C875BF527CE316200362979 /* Build configuration list for PBXNativeTarget "ODEV5_BURAKOZERTests" */;
			buildPhases = (
				0C875BDA27CE316200362979 /* Sources */,
				0C875BDB27CE316200362979 /* Frameworks */,
				0C875BDC27CE316200362979 /* Resources */,
			);
			buildRules = (
			);
			dependencies = (
				0C875BE027CE316200362979 /* PBXTargetDependency */,
			);
			name = ODEV5_BURAKOZERTests;
			productName = ODEV5_BURAKOZERTests;
			productReference = 0C875BDE27CE316200362979 /* ODEV5_BURAKOZERTests.xctest */;
			productType = "com.apple.product-type.bundle.unit-test";
		};
		0C875BE727CE316200362979 /* ODEV5_BURAKOZERUITests */ = {
			isa = PBXNativeTarget;
			buildConfigurationList = 0C875BF827CE316200362979 /* Build configuration list for PBXNativeTarget "ODEV5_BURAKOZERUITests" */;
			buildPhases = (
				0C875BE427CE316200362979 /* Sources */,
				0C875BE527CE316200362979 /* Frameworks */,
				0C875BE627CE316200362979 /* Resources */,
			);
			buildRules = (
			);
			dependencies = (
				0C875BEA27CE316200362979 /* PBXTargetDependency */,
			);
			name = ODEV5_BURAKOZERUITests;
			productName = ODEV5_BURAKOZERUITests;
			productReference = 0C875BE827CE316200362979 /* ODEV5_BURAKOZERUITests.xctest */;
			productType = "com.apple.product-type.bundle.ui-testing";
		};
/* End PBXNativeTarget section */

/* Begin PBXProject section */
		0C875BC027CE316100362979 /* Project object */ = {
			isa = PBXProject;
			attributes = {
				BuildIndependentTargetsInParallel = 1;
				LastSwiftUpdateCheck = 1320;
				LastUpgradeCheck = 1320;
				TargetAttributes = {
					0C875BC727CE316100362979 = {
						CreatedOnToolsVersion = 13.2.1;
					};
					0C875BDD27CE316200362979 = {
						CreatedOnToolsVersion = 13.2.1;
						TestTargetID = 0C875BC727CE316100362979;
					};
					0C875BE727CE316200362979 = {
						CreatedOnToolsVersion = 13.2.1;
						TestTargetID = 0C875BC727CE316100362979;
					};
				};
			};
			buildConfigurationList = 0C875BC327CE316100362979 /* Build configuration list for PBXProject "ODEV5_BURAKOZER" */;
			compatibilityVersion = "Xcode 13.0";
			developmentRegion = en;
			hasScannedForEncodings = 0;
			knownRegions = (
				en,
				Base,
			);
			mainGroup = 0C875BBF27CE316100362979;
			productRefGroup = 0C875BC927CE316100362979 /* Products */;
			projectDirPath = "";
			projectRoot = "";
			targets = (
				0C875BC727CE316100362979 /* ODEV5_BURAKOZER */,
				0C875BDD27CE316200362979 /* ODEV5_BURAKOZERTests */,
				0C875BE727CE316200362979 /* ODEV5_BURAKOZERUITests */,
			);
		};
/* End PBXProject section */

/* Begin PBXResourcesBuildPhase section */
		0C875BC627CE316100362979 /* Resources */ = {
			isa = PBXResourcesBuildPhase;
			buildActionMask = 2147483647;
			files = (
				0C875BD827CE316200362979 /* LaunchScreen.storyboard in Resources */,
				0C875BD527CE316200362979 /* Assets.xcassets in Resources */,
				0C875BD327CE316100362979 /* Main.storyboard in Resources */,
			);
			runOnlyForDeploymentPostprocessing = 0;
		};
		0C875BDC27CE316200362979 /* Resources */ = {
			isa = PBXResourcesBuildPhase;
			buildActionMask = 2147483647;
			files = (
			);
			runOnlyForDeploymentPostprocessing = 0;
		};
		0C875BE627CE316200362979 /* Resources */ = {
			isa = PBXResourcesBuildPhase;
			buildActionMask = 2147483647;
			files = (
			);
			runOnlyForDeploymentPostprocessing = 0;
		};
/* End PBXResourcesBuildPhase section */

/* Begin PBXSourcesBuildPhase section */
		0C875BC427CE316100362979 /* Sources */ = {
			isa = PBXSourcesBuildPhase;
			buildActionMask = 2147483647;
			files = (
				0C875BD027CE316100362979 /* ViewController.swift in Sources */,
				0C875BCC27CE316100362979 /* AppDelegate.swift in Sources */,
				0C875BCE27CE316100362979 /* SceneDelegate.swift in Sources */,
			);
			runOnlyForDeploymentPostprocessing = 0;
		};
		0C875BDA27CE316200362979 /* Sources */ = {
			isa = PBXSourcesBuildPhase;
			buildActionMask = 2147483647;
			files = (
				0C875BE327CE316200362979 /* ODEV5_BURAKOZERTests.swift in Sources */,
			);
			runOnlyForDeploymentPostprocessing = 0;
		};
		0C875BE427CE316200362979 /* Sources */ = {
			isa = PBXSourcesBuildPhase;
			buildActionMask = 2147483647;
			files = (
				0C875BEF27CE316200362979 /* ODEV5_BURAKOZERUITestsLaunchTests.swift in Sources */,
				0C875BED27CE316200362979 /* ODEV5_BURAKOZERUITests.swift in Sources */,
			);
			runOnlyForDeploymentPostprocessing = 0;
		};
/* End PBXSourcesBuildPhase section */

/* Begin PBXTargetDependency section */
		0C875BE027CE316200362979 /* PBXTargetDependency */ = {
			isa = PBXTargetDependency;
			target = 0C875BC727CE316100362979 /* ODEV5_BURAKOZER */;
			targetProxy = 0C875BDF27CE316200362979 /* PBXContainerItemProxy */;
		};
		0C875BEA27CE316200362979 /* PBXTargetDependency */ = {
			isa = PBXTargetDependency;
			target = 0C875BC727CE316100362979 /* ODEV5_BURAKOZER */;
			targetProxy = 0C875BE927CE316200362979 /* PBXContainerItemProxy */;
		};
/* End PBXTargetDependency section */

/* Begin PBXVariantGroup section */
		0C875BD127CE316100362979 /* Main.storyboard */ = {
			isa = PBXVariantGroup;
			children = (
				0C875BD227CE316100362979 /* Base */,
			);
			name = Main.storyboard;
			sourceTree = "<group>";
		};
		0C875BD627CE316200362979 /* LaunchScreen.storyboard */ = {
			isa = PBXVariantGroup;
			children = (
				0C875BD727CE316200362979 /* Base */,
			);
			name = LaunchScreen.storyboard;
			sourceTree = "<group>";
		};
/* End PBXVariantGroup section */

/* Begin XCBuildConfiguration section */
		0C875BF027CE316200362979 /* Debug */ = {
			isa = XCBuildConfiguration;
			buildSettings = {
				ALWAYS_SEARCH_USER_PATHS = NO;
				CLANG_ANALYZER_NONNULL = YES;
				CLANG_ANALYZER_NUMBER_OBJECT_CONVERSION = YES_AGGRESSIVE;
				CLANG_CXX_LANGUAGE_STANDARD = "gnu++17";
				CLANG_CXX_LIBRARY = "libc++";
				CLANG_ENABLE_MODULES = YES;
				CLANG_ENABLE_OBJC_ARC = YES;
				CLANG_ENABLE_OBJC_WEAK = YES;
				CLANG_WARN_BLOCK_CAPTURE_AUTORELEASING = YES;
				CLANG_WARN_BOOL_CONVERSION = YES;
				CLANG_WARN_COMMA = YES;
				CLANG_WARN_CONSTANT_CONVERSION = YES;
				CLANG_WARN_DEPRECATED_OBJC_IMPLEMENTATIONS = YES;
				CLANG_WARN_DIRECT_OBJC_ISA_USAGE = YES_ERROR;
				CLANG_WARN_DOCUMENTATION_COMMENTS = YES;
				CLANG_WARN_EMPTY_BODY = YES;
				CLANG_WARN_ENUM_CONVERSION = YES;
				CLANG_WARN_INFINITE_RECURSION = YES;
				CLANG_WARN_INT_CONVERSION = YES;
				CLANG_WARN_NON_LITERAL_NULL_CONVERSION = YES;
				CLANG_WARN_OBJC_IMPLICIT_RETAIN_SELF = YES;
				CLANG_WARN_OBJC_LITERAL_CONVERSION = YES;
				CLANG_WARN_OBJC_ROOT_CLASS = YES_ERROR;
				CLANG_WARN_QUOTED_INCLUDE_IN_FRAMEWORK_HEADER = YES;
				CLANG_WARN_RANGE_LOOP_ANALYSIS = YES;
				CLANG_WARN_STRICT_PROTOTYPES = YES;
				CLANG_WARN_SUSPICIOUS_MOVE = YES;
				CLANG_WARN_UNGUARDED_AVAILABILITY = YES_AGGRESSIVE;
				CLANG_WARN_UNREACHABLE_CODE = YES;
				CLANG_WARN__DUPLICATE_METHOD_MATCH = YES;
				COPY_PHASE_STRIP = NO;
				DEBUG_INFORMATION_FORMAT = dwarf;
				ENABLE_STRICT_OBJC_MSGSEND = YES;
				ENABLE_TESTABILITY = YES;
				GCC_C_LANGUAGE_STANDARD = gnu11;
				GCC_DYNAMIC_NO_PIC = NO;
				GCC_NO_COMMON_BLOCKS = YES;
				GCC_OPTIMIZATION_LEVEL = 0;
				GCC_PREPROCESSOR_DEFINITIONS = (
					"DEBUG=1",
					"$(inherited)",
				);
				GCC_WARN_64_TO_32_BIT_CONVERSION = YES;
				GCC_WARN_ABOUT_RETURN_TYPE = YES_ERROR;
				GCC_WARN_UNDECLARED_SELECTOR = YES;
				GCC_WARN_UNINITIALIZED_AUTOS = YES_AGGRESSIVE;
				GCC_WARN_UNUSED_FUNCTION = YES;
				GCC_WARN_UNUSED_VARIABLE = YES;
				IPHONEOS_DEPLOYMENT_TARGET = 15.2;
				MTL_ENABLE_DEBUG_INFO = INCLUDE_SOURCE;
				MTL_FAST_MATH = YES;
				ONLY_ACTIVE_ARCH = YES;
				SDKROOT = iphoneos;
				SWIFT_ACTIVE_COMPILATION_CONDITIONS = DEBUG;
				SWIFT_OPTIMIZATION_LEVEL = "-Onone";
			};
			name = Debug;
		};
		0C875BF127CE316200362979 /* Release */ = {
			isa = XCBuildConfiguration;
			buildSettings = {
				ALWAYS_SEARCH_USER_PATHS = NO;
				CLANG_ANALYZER_NONNULL = YES;
				CLANG_ANALYZER_NUMBER_OBJECT_CONVERSION = YES_AGGRESSIVE;
				CLANG_CXX_LANGUAGE_STANDARD = "gnu++17";
				CLANG_CXX_LIBRARY = "libc++";
				CLANG_ENABLE_MODULES = YES;
				CLANG_ENABLE_OBJC_ARC = YES;
				CLANG_ENABLE_OBJC_WEAK = YES;
				CLANG_WARN_BLOCK_CAPTURE_AUTORELEASING = YES;
				CLANG_WARN_BOOL_CONVERSION = YES;
				CLANG_WARN_COMMA = YES;
				CLANG_WARN_CONSTANT_CONVERSION = YES;
				CLANG_WARN_DEPRECATED_OBJC_IMPLEMENTATIONS = YES;
				CLANG_WARN_DIRECT_OBJC_ISA_USAGE = YES_ERROR;
				CLANG_WARN_DOCUMENTATION_COMMENTS = YES;
				CLANG_WARN_EMPTY_BODY = YES;
				CLANG_WARN_ENUM_CONVERSION = YES;
				CLANG_WARN_INFINITE_RECURSION = YES;
				CLANG_WARN_INT_CONVERSION = YES;
				CLANG_WARN_NON_LITERAL_NULL_CONVERSION = YES;
				CLANG_WARN_OBJC_IMPLICIT_RETAIN_SELF = YES;
				CLANG_WARN_OBJC_LITERAL_CONVERSION = YES;
				CLANG_WARN_OBJC_ROOT_CLASS = YES_ERROR;
				CLANG_WARN_QUOTED_INCLUDE_IN_FRAMEWORK_HEADER = YES;
				CLANG_WARN_RANGE_LOOP_ANALYSIS = YES;
				CLANG_WARN_STRICT_PROTOTYPES = YES;
				CLANG_WARN_SUSPICIOUS_MOVE = YES;
				CLANG_WARN_UNGUARDED_AVAILABILITY = YES_AGGRESSIVE;
				CLANG_WARN_UNREACHABLE_CODE = YES;
				CLANG_WARN__DUPLICATE_METHOD_MATCH = YES;
				COPY_PHASE_STRIP = NO;
				DEBUG_INFORMATION_FORMAT = "dwarf-with-dsym";
				ENABLE_NS_ASSERTIONS = NO;
				ENABLE_STRICT_OBJC_MSGSEND = YES;
				GCC_C_LANGUAGE_STANDARD = gnu11;
				GCC_NO_COMMON_BLOCKS = YES;
				GCC_WARN_64_TO_32_BIT_CONVERSION = YES;
				GCC_WARN_ABOUT_RETURN_TYPE = YES_ERROR;
				GCC_WARN_UNDECLARED_SELECTOR = YES;
				GCC_WARN_UNINITIALIZED_AUTOS = YES_AGGRESSIVE;
				GCC_WARN_UNUSED_FUNCTION = YES;
				GCC_WARN_UNUSED_VARIABLE = YES;
				IPHONEOS_DEPLOYMENT_TARGET = 15.2;
				MTL_ENABLE_DEBUG_INFO = NO;
				MTL_FAST_MATH = YES;
				SDKROOT = iphoneos;
				SWIFT_COMPILATION_MODE = wholemodule;
				SWIFT_OPTIMIZATION_LEVEL = "-O";
				VALIDATE_PRODUCT = YES;
			};
			name = Release;
		};
		0C875BF327CE316200362979 /* Debug */ = {
			isa = XCBuildConfiguration;
			buildSettings = {
				ASSETCATALOG_COMPILER_APPICON_NAME = AppIcon;
				ASSETCATALOG_COMPILER_GLOBAL_ACCENT_COLOR_NAME = AccentColor;
				CODE_SIGN_STYLE = Automatic;
				CURRENT_PROJECT_VERSION = 1;
				GENERATE_INFOPLIST_FILE = YES;
				INFOPLIST_FILE = ODEV5_BURAKOZER/Info.plist;
				INFOPLIST_KEY_UIApplicationSupportsIndirectInputEvents = YES;
				INFOPLIST_KEY_UILaunchStoryboardName = LaunchScreen;
				INFOPLIST_KEY_UIMainStoryboardFile = Main;
				INFOPLIST_KEY_UISupportedInterfaceOrientations_iPad = "UIInterfaceOrientationPortrait UIInterfaceOrientationPortraitUpsideDown UIInterfaceOrientationLandscapeLeft UIInterfaceOrientationLandscapeRight";
				INFOPLIST_KEY_UISupportedInterfaceOrientations_iPhone = "UIInterfaceOrientationPortrait UIInterfaceOrientationLandscapeLeft UIInterfaceOrientationLandscapeRight";
				LD_RUNPATH_SEARCH_PATHS = (
					"$(inherited)",
					"@executable_path/Frameworks",
				);
				MARKETING_VERSION = 1.0;
				PRODUCT_BUNDLE_IDENTIFIER = "com.info.ODEV5-BURAKOZER";
				PRODUCT_NAME = "$(TARGET_NAME)";
				SWIFT_EMIT_LOC_STRINGS = YES;
				SWIFT_VERSION = 5.0;
				TARGETED_DEVICE_FAMILY = "1,2";
			};
			name = Debug;
		};
		0C875BF427CE316200362979 /* Release */ = {
			isa = XCBuildConfiguration;
			buildSettings = {
				ASSETCATALOG_COMPILER_APPICON_NAME = AppIcon;
				ASSETCATALOG_COMPILER_GLOBAL_ACCENT_COLOR_NAME = AccentColor;
				CODE_SIGN_STYLE = Automatic;
				CURRENT_PROJECT_VERSION = 1;
				GENERATE_INFOPLIST_FILE = YES;
				INFOPLIST_FILE = ODEV5_BURAKOZER/Info.plist;
				INFOPLIST_KEY_UIApplicationSupportsIndirectInputEvents = YES;
				INFOPLIST_KEY_UILaunchStoryboardName = LaunchScreen;
				INFOPLIST_KEY_UIMainStoryboardFile = Main;
				INFOPLIST_KEY_UISupportedInterfaceOrientations_iPad = "UIInterfaceOrientationPortrait UIInterfaceOrientationPortraitUpsideDown UIInterfaceOrientationLandscapeLeft UIInterfaceOrientationLandscapeRight";
				INFOPLIST_KEY_UISupportedInterfaceOrientations_iPhone = "UIInterfaceOrientationPortrait UIInterfaceOrientationLandscapeLeft UIInterfaceOrientationLandscapeRight";
				LD_RUNPATH_SEARCH_PATHS = (
					"$(inherited)",
					"@executable_path/Frameworks",
				);
				MARKETING_VERSION = 1.0;
				PRODUCT_BUNDLE_IDENTIFIER = "com.info.ODEV5-BURAKOZER";
				PRODUCT_NAME = "$(TARGET_NAME)";
				SWIFT_EMIT_LOC_STRINGS = YES;
				SWIFT_VERSION = 5.0;
				TARGETED_DEVICE_FAMILY = "1,2";
			};
			name = Release;
		};
		0C875BF627CE316200362979 /* Debug */ = {
			isa = XCBuildConfiguration;
			buildSettings = {
				ALWAYS_EMBED_SWIFT_STANDARD_LIBRARIES = YES;
				BUNDLE_LOADER = "$(TEST_HOST)";
				CODE_SIGN_STYLE = Automatic;
				CURRENT_PROJECT_VERSION = 1;
				GENERATE_INFOPLIST_FILE = YES;
				IPHONEOS_DEPLOYMENT_TARGET = 15.2;
				MARKETING_VERSION = 1.0;
				PRODUCT_BUNDLE_IDENTIFIER = "com.info.ODEV5-BURAKOZERTests";
				PRODUCT_NAME = "$(TARGET_NAME)";
				SWIFT_EMIT_LOC_STRINGS = NO;
				SWIFT_VERSION = 5.0;
				TARGETED_DEVICE_FAMILY = "1,2";
				TEST_HOST = "$(BUILT_PRODUCTS_DIR)/ODEV5_BURAKOZER.app/ODEV5_BURAKOZER";
			};
			name = Debug;
		};
		0C875BF727CE316200362979 /* Release */ = {
			isa = XCBuildConfiguration;
			buildSettings = {
				ALWAYS_EMBED_SWIFT_STANDARD_LIBRARIES = YES;
				BUNDLE_LOADER = "$(TEST_HOST)";
				CODE_SIGN_STYLE = Automatic;
				CURRENT_PROJECT_VERSION = 1;
				GENERATE_INFOPLIST_FILE = YES;
				IPHONEOS_DEPLOYMENT_TARGET = 15.2;
				MARKETING_VERSION = 1.0;
				PRODUCT_BUNDLE_IDENTIFIER = "com.info.ODEV5-BURAKOZERTests";
				PRODUCT_NAME = "$(TARGET_NAME)";
				SWIFT_EMIT_LOC_STRINGS = NO;
				SWIFT_VERSION = 5.0;
				TARGETED_DEVICE_FAMILY = "1,2";
				TEST_HOST = "$(BUILT_PRODUCTS_DIR)/ODEV5_BURAKOZER.app/ODEV5_BURAKOZER";
			};
			name = Release;
		};
		0C875BF927CE316200362979 /* Debug */ = {
			isa = XCBuildConfiguration;
			buildSettings = {
				ALWAYS_EMBED_SWIFT_STANDARD_LIBRARIES = YES;
				CODE_SIGN_STYLE = Automatic;
				CURRENT_PROJECT_VERSION = 1;
				GENERATE_INFOPLIST_FILE = YES;
				MARKETING_VERSION = 1.0;
				PRODUCT_BUNDLE_IDENTIFIER = "com.info.ODEV5-BURAKOZERUITests";
				PRODUCT_NAME = "$(TARGET_NAME)";
				SWIFT_EMIT_LOC_STRINGS = NO;
				SWIFT_VERSION = 5.0;
				TARGETED_DEVICE_FAMILY = "1,2";
				TEST_TARGET_NAME = ODEV5_BURAKOZER;
			};
			name = Debug;
		};
		0C875BFA27CE316200362979 /* Release */ = {
			isa = XCBuildConfiguration;
			buildSettings = {
				ALWAYS_EMBED_SWIFT_STANDARD_LIBRARIES = YES;
				CODE_SIGN_STYLE = Automatic;
				CURRENT_PROJECT_VERSION = 1;
				GENERATE_INFOPLIST_FILE = YES;
				MARKETING_VERSION = 1.0;
				PRODUCT_BUNDLE_IDENTIFIER = "com.info.ODEV5-BURAKOZERUITests";
				PRODUCT_NAME = "$(TARGET_NAME)";
				SWIFT_EMIT_LOC_STRINGS = NO;
				SWIFT_VERSION = 5.0;
				TARGETED_DEVICE_FAMILY = "1,2";
				TEST_TARGET_NAME = ODEV5_BURAKOZER;
			};
			name = Release;
		};
/* End XCBuildConfiguration section */

/* Begin XCConfigurationList section */
		0C875BC327CE316100362979 /* Build configuration list for PBXProject "ODEV5_BURAKOZER" */ = {
			isa = XCConfigurationList;
			buildConfigurations = (
				0C875BF027CE316200362979 /* Debug */,
				0C875BF127CE316200362979 /* Release */,
			);
			defaultConfigurationIsVisible = 0;
			defaultConfigurationName = Release;
		};
		0C875BF227CE316200362979 /* Build configuration list for PBXNativeTarget "ODEV5_BURAKOZER" */ = {
			isa = XCConfigurationList;
			buildConfigurations = (
				0C875BF327CE316200362979 /* Debug */,
				0C875BF427CE316200362979 /* Release */,
			);
			defaultConfigurationIsVisible = 0;
			defaultConfigurationName = Release;
		};
		0C875BF527CE316200362979 /* Build configuration list for PBXNativeTarget "ODEV5_BURAKOZERTests" */ = {
			isa = XCConfigurationList;
			buildConfigurations = (
				0C875BF627CE316200362979 /* Debug */,
				0C875BF727CE316200362979 /* Release */,
			);
			defaultConfigurationIsVisible = 0;
			defaultConfigurationName = Release;
		};
		0C875BF827CE316200362979 /* Build configuration list for PBXNativeTarget "ODEV5_BURAKOZERUITests" */ = {
			isa = XCConfigurationList;
			buildConfigurations = (
				0C875BF927CE316200362979 /* Debug */,
				0C875BFA27CE316200362979 /* Release */,
			);
			defaultConfigurationIsVisible = 0;
			defaultConfigurationName = Release;
		};
/* End XCConfigurationList section */
	};
	rootObject = 0C875BC027CE316100362979 /* Project object */;
}
